
Microsoft Visual Studio Solution File, Format Version 12.00
# Visual Studio Version 16
VisualStudioVersion = 16.0.31313.79
MinimumVisualStudioVersion = 10.0.40219.1
Project("{FAE04EC0-301F-11D3-BF4B-00C04F79EFBC}") = "Tell Me Without Telling Me", "Tell Me Without Telling Me\Tell Me Without Telling Me.csproj", "{DFE570D5-D608-4134-9CBA-E6563B16E0AE}"
EndProject
Global
	GlobalSection(SolutionConfigurationPlatforms) = preSolution
		Debug|Any CPU = Debug|Any CPU
		Release|Any CPU = Release|Any CPU
	EndGlobalSection
	GlobalSection(ProjectConfigurationPlatforms) = postSolution
		{DFE570D5-D608-4134-9CBA-E6563B16E0AE}.Debug|Any CPU.ActiveCfg = Debug|Any CPU
		{DFE570D5-D608-4134-9CBA-E6563B16E0AE}.Debug|Any CPU.Build.0 = Debug|Any CPU
		{DFE570D5-D608-4134-9CBA-E6563B16E0AE}.Release|Any CPU.ActiveCfg = Release|Any CPU
		{DFE570D5-D608-4134-9CBA-E6563B16E0AE}.Release|Any CPU.Build.0 = Release|Any CPU
	EndGlobalSection
	GlobalSection(SolutionProperties) = preSolution
		HideSolutionNode = FALSE
	EndGlobalSection
	GlobalSection(ExtensibilityGlobals) = postSolution
		SolutionGuid = {B6F44C2B-42C6-42A3-A57F-CCEE550F030F}
	EndGlobalSection
EndGlobal
